Microsoft Visual Studio Solution File, Format Version 12.00
# Visual Studio Version 17
VisualStudioVersion = 17.5.2.0
MinimumVisualStudioVersion = 10.0.40219.1
Project("{FAE04EC0-301F-11D3-BF4B-00C04F79EFBC}") = "VehicalApi", "VehicalApi\VehicalApi.csproj", "{87BE1B33-8EBE-4A76-28DC-DD4FA46F74D3}"
EndProject
Project("{FAE04EC0-301F-11D3-BF4B-00C04F79EFBC}") = "VehicalApi.Tests", "VehicalApi.Tests\VehicalApi.Tests.csproj", "{4AC6A729-90B0-3050-55C0-B58217A05096}"
EndProject
Global
	GlobalSection(SolutionConfigurationPlatforms) = preSolution
		Debug|Any CPU = Debug|Any CPU
		Release|Any CPU = Release|Any CPU
	EndGlobalSection
	GlobalSection(ProjectConfigurationPlatforms) = postSolution
		{87BE1B33-8EBE-4A76-28DC-DD4FA46F74D3}.Debug|Any CPU.ActiveCfg = Debug|Any CPU
		{87BE1B33-8EBE-4A76-28DC-DD4FA46F74D3}.Debug|Any CPU.Build.0 = Debug|Any CPU
		{87BE1B33-8EBE-4A76-28DC-DD4FA46F74D3}.Release|Any CPU.ActiveCfg = Release|Any CPU
		{87BE1B33-8EBE-4A76-28DC-DD4FA46F74D3}.Release|Any CPU.Build.0 = Release|Any CPU
		{4AC6A729-90B0-3050-55C0-B58217A05096}.Debug|Any CPU.ActiveCfg = Debug|Any CPU
		{4AC6A729-90B0-3050-55C0-B58217A05096}.Debug|Any CPU.Build.0 = Debug|Any CPU
		{4AC6A729-90B0-3050-55C0-B58217A05096}.Release|Any CPU.ActiveCfg = Release|Any CPU
		{4AC6A729-90B0-3050-55C0-B58217A05096}.Release|Any CPU.Build.0 = Release|Any CPU
	EndGlobalSection
	GlobalSection(SolutionProperties) = preSolution
		HideSolutionNode = FALSE
	EndGlobalSection
	GlobalSection(ExtensibilityGlobals) = postSolution
		SolutionGuid = {F65F5698-4889-4AED-B920-BCC9716F45A7}
	EndGlobalSection
EndGlobal
